
Microsoft Visual Studio Solution File, Format Version 12.00
Project("{FAE04EC0-301F-11D3-BF4B-00C04F79EFBC}") = "ArturRios.Util", "ArturRios.Util.csproj", "{406F628D-08D5-4F40-BCF3-A4406AACD783}"
EndProject
Project("{FAE04EC0-301F-11D3-BF4B-00C04F79EFBC}") = "ArturRios.Util.Tests", "..\tests\ArturRios.Util.Tests\ArturRios.Util.Tests.csproj", "{6ED87972-EBCD-4283-AAA5-F3D39245C27F}"
EndProject
Global
	GlobalSection(SolutionConfigurationPlatforms) = preSolution
		Debug|Any CPU = Debug|Any CPU
		Release|Any CPU = Release|Any CPU
	EndGlobalSection
	GlobalSection(ProjectConfigurationPlatforms) = postSolution
		{406F628D-08D5-4F40-BCF3-A4406AACD783}.Debug|Any CPU.ActiveCfg = Debug|Any CPU
		{406F628D-08D5-4F40-BCF3-A4406AACD783}.Debug|Any CPU.Build.0 = Debug|Any CPU
		{406F628D-08D5-4F40-BCF3-A4406AACD783}.Release|Any CPU.ActiveCfg = Release|Any CPU
		{406F628D-08D5-4F40-BCF3-A4406AACD783}.Release|Any CPU.Build.0 = Release|Any CPU
		{6ED87972-EBCD-4283-AAA5-F3D39245C27F}.Debug|Any CPU.ActiveCfg = Debug|Any CPU
		{6ED87972-EBCD-4283-AAA5-F3D39245C27F}.Debug|Any CPU.Build.0 = Debug|Any CPU
		{6ED87972-EBCD-4283-AAA5-F3D39245C27F}.Release|Any CPU.ActiveCfg = Release|Any CPU
		{6ED87972-EBCD-4283-AAA5-F3D39245C27F}.Release|Any CPU.Build.0 = Release|Any CPU
	EndGlobalSection
EndGlobal
